// !$*UTF8*$!
{
	archiveVersion = 1;
	classes = {
	};
	objectVersion = 56;
	objects = {

/* Begin PBXBuildFile section */
		A100000001 /* FuelApp.swift in Sources */ = {isa = PBXBuildFile; fileRef = B100000001 /* FuelApp.swift */; };
		A100000002 /* ContentView.swift in Sources */ = {isa = PBXBuildFile; fileRef = B100000002 /* ContentView.swift */; };
		A100000003 /* FoodItem.swift in Sources */ = {isa = PBXBuildFile; fileRef = B100000003 /* FoodItem.swift */; };
		A100000004 /* Meal.swift in Sources */ = {isa = PBXBuildFile; fileRef = B100000004 /* Meal.swift */; };
		A100000005 /* DayLog.swift in Sources */ = {isa = PBXBuildFile; fileRef = B100000005 /* DayLog.swift */; };
		A100000006 /* UserSettings.swift in Sources */ = {isa = PBXBuildFile; fileRef = B100000006 /* UserSettings.swift */; };
		A100000007 /* ClaudeService.swift in Sources */ = {isa = PBXBuildFile; fileRef = B100000007 /* ClaudeService.swift */; };
		A100000008 /* NutritionEngine.swift in Sources */ = {isa = PBXBuildFile; fileRef = B100000008 /* NutritionEngine.swift */; };
		A100000009 /* TodayView.swift in Sources */ = {isa = PBXBuildFile; fileRef = B100000009 /* TodayView.swift */; };
		A100000010 /* LogMealView.swift in Sources */ = {isa = PBXBuildFile; fileRef = B100000010 /* LogMealView.swift */; };
		A100000011 /* HistoryView.swift in Sources */ = {isa = PBXBuildFile; fileRef = B100000011 /* HistoryView.swift */; };
		A100000012 /* SettingsView.swift in Sources */ = {isa = PBXBuildFile; fileRef = B100000012 /* SettingsView.swift */; };
		A100000013 /* Theme.swift in Sources */ = {isa = PBXBuildFile; fileRef = B100000013 /* Theme.swift */; };
		A100000017 /* Secrets.swift in Sources */ = {isa = PBXBuildFile; fileRef = B100000017 /* Secrets.swift */; };
		A100000014 /* MacroProgressBar.swift in Sources */ = {isa = PBXBuildFile; fileRef = B100000014 /* MacroProgressBar.swift */; };
		A100000015 /* MealRow.swift in Sources */ = {isa = PBXBuildFile; fileRef = B100000015 /* MealRow.swift */; };
		A100000016 /* Assets.xcassets in Resources */ = {isa = PBXBuildFile; fileRef = B100000016 /* Assets.xcassets */; };
		A100000018 /* SpeechService.swift in Sources */ = {isa = PBXBuildFile; fileRef = B100000018 /* SpeechService.swift */; };
		A100000019 /* PhotoInputView.swift in Sources */ = {isa = PBXBuildFile; fileRef = B100000019 /* PhotoInputView.swift */; };
		A100000020 /* VoiceInputView.swift in Sources */ = {isa = PBXBuildFile; fileRef = B100000020 /* VoiceInputView.swift */; };
		A100000021 /* QuickAddView.swift in Sources */ = {isa = PBXBuildFile; fileRef = B100000021 /* QuickAddView.swift */; };
		A100000022 /* HealthKit.framework in Frameworks */ = {isa = PBXBuildFile; fileRef = B100000022 /* HealthKit.framework */; };
		A100000023 /* HealthSnapshot.swift in Sources */ = {isa = PBXBuildFile; fileRef = B100000023 /* HealthSnapshot.swift */; };
		A100000024 /* HealthDataManager.swift in Sources */ = {isa = PBXBuildFile; fileRef = B100000024 /* HealthDataManager.swift */; };
		A100000025 /* HealthStatsCard.swift in Sources */ = {isa = PBXBuildFile; fileRef = B100000025 /* HealthStatsCard.swift */; };
		A100000026 /* ReminderManager.swift in Sources */ = {isa = PBXBuildFile; fileRef = B100000027 /* ReminderManager.swift */; };
		A100000027 /* RemindersView.swift in Sources */ = {isa = PBXBuildFile; fileRef = B100000028 /* RemindersView.swift */; };
		A100000028 /* FuelSchema.swift in Sources */ = {isa = PBXBuildFile; fileRef = B100000029 /* FuelSchema.swift */; };
		A100000029 /* DayDetailView.swift in Sources */ = {isa = PBXBuildFile; fileRef = B100000030 /* DayDetailView.swift */; };
		A100000030 /* WeeklyTrendsView.swift in Sources */ = {isa = PBXBuildFile; fileRef = B100000031 /* WeeklyTrendsView.swift */; };
		A100000031 /* OnboardingView.swift in Sources */ = {isa = PBXBuildFile; fileRef = B100000032 /* OnboardingView.swift */; };
		A100000032 /* DailyBrief.swift in Sources */ = {isa = PBXBuildFile; fileRef = B100000033 /* DailyBrief.swift */; };
		A100000033 /* CoachService.swift in Sources */ = {isa = PBXBuildFile; fileRef = B100000034 /* CoachService.swift */; };
		A100000034 /* DailyBriefCard.swift in Sources */ = {isa = PBXBuildFile; fileRef = B100000035 /* DailyBriefCard.swift */; };
		A100000035 /* Workout.swift in Sources */ = {isa = PBXBuildFile; fileRef = B100000036 /* Workout.swift */; };
		A100000036 /* LogWorkoutView.swift in Sources */ = {isa = PBXBuildFile; fileRef = B100000037 /* LogWorkoutView.swift */; };
		A100000037 /* AskCoachView.swift in Sources */ = {isa = PBXBuildFile; fileRef = B100000038 /* AskCoachView.swift */; };
/* End PBXBuildFile section */

/* Begin PBXFileReference section */
		B100000001 /* FuelApp.swift */ = {isa = PBXFileReference; lastKnownFileType = sourcecode.swift; path = FuelApp.swift; sourceTree = "<group>"; };
		B100000002 /* ContentView.swift */ = {isa = PBXFileReference; lastKnownFileType = sourcecode.swift; path = ContentView.swift; sourceTree = "<group>"; };
		B100000003 /* FoodItem.swift */ = {isa = PBXFileReference; lastKnownFileType = sourcecode.swift; path = FoodItem.swift; sourceTree = "<group>"; };
		B100000004 /* Meal.swift */ = {isa = PBXFileReference; lastKnownFileType = sourcecode.swift; path = Meal.swift; sourceTree = "<group>"; };
		B100000005 /* DayLog.swift */ = {isa = PBXFileReference; lastKnownFileType = sourcecode.swift; path = DayLog.swift; sourceTree = "<group>"; };
		B100000006 /* UserSettings.swift */ = {isa = PBXFileReference; lastKnownFileType = sourcecode.swift; path = UserSettings.swift; sourceTree = "<group>"; };
		B100000007 /* ClaudeService.swift */ = {isa = PBXFileReference; lastKnownFileType = sourcecode.swift; path = ClaudeService.swift; sourceTree = "<group>"; };
		B100000008 /* NutritionEngine.swift */ = {isa = PBXFileReference; lastKnownFileType = sourcecode.swift; path = NutritionEngine.swift; sourceTree = "<group>"; };
		B100000009 /* TodayView.swift */ = {isa = PBXFileReference; lastKnownFileType = sourcecode.swift; path = TodayView.swift; sourceTree = "<group>"; };
		B100000010 /* LogMealView.swift */ = {isa = PBXFileReference; lastKnownFileType = sourcecode.swift; path = LogMealView.swift; sourceTree = "<group>"; };
		B100000011 /* HistoryView.swift */ = {isa = PBXFileReference; lastKnownFileType = sourcecode.swift; path = HistoryView.swift; sourceTree = "<group>"; };
		B100000030 /* DayDetailView.swift */ = {isa = PBXFileReference; lastKnownFileType = sourcecode.swift; path = DayDetailView.swift; sourceTree = "<group>"; };
		B100000031 /* WeeklyTrendsView.swift */ = {isa = PBXFileReference; lastKnownFileType = sourcecode.swift; path = WeeklyTrendsView.swift; sourceTree = "<group>"; };
		B100000032 /* OnboardingView.swift */ = {isa = PBXFileReference; lastKnownFileType = sourcecode.swift; path = OnboardingView.swift; sourceTree = "<group>"; };
		B100000033 /* DailyBrief.swift */ = {isa = PBXFileReference; lastKnownFileType = sourcecode.swift; path = DailyBrief.swift; sourceTree = "<group>"; };
		B100000034 /* CoachService.swift */ = {isa = PBXFileReference; lastKnownFileType = sourcecode.swift; path = CoachService.swift; sourceTree = "<group>"; };
		B100000035 /* DailyBriefCard.swift */ = {isa = PBXFileReference; lastKnownFileType = sourcecode.swift; path = DailyBriefCard.swift; sourceTree = "<group>"; };
		B100000036 /* Workout.swift */ = {isa = PBXFileReference; lastKnownFileType = sourcecode.swift; path = Workout.swift; sourceTree = "<group>"; };
		B100000037 /* LogWorkoutView.swift */ = {isa = PBXFileReference; lastKnownFileType = sourcecode.swift; path = LogWorkoutView.swift; sourceTree = "<group>"; };
		B100000038 /* AskCoachView.swift */ = {isa = PBXFileReference; lastKnownFileType = sourcecode.swift; path = AskCoachView.swift; sourceTree = "<group>"; };
		B100000012 /* SettingsView.swift */ = {isa = PBXFileReference; lastKnownFileType = sourcecode.swift; path = SettingsView.swift; sourceTree = "<group>"; };
		B100000013 /* Theme.swift */ = {isa = PBXFileReference; lastKnownFileType = sourcecode.swift; path = Theme.swift; sourceTree = "<group>"; };
		B100000017 /* Secrets.swift */ = {isa = PBXFileReference; lastKnownFileType = sourcecode.swift; path = Secrets.swift; sourceTree = "<group>"; };
		B100000014 /* MacroProgressBar.swift */ = {isa = PBXFileReference; lastKnownFileType = sourcecode.swift; path = MacroProgressBar.swift; sourceTree = "<group>"; };
		B100000015 /* MealRow.swift */ = {isa = PBXFileReference; lastKnownFileType = sourcecode.swift; path = MealRow.swift; sourceTree = "<group>"; };
		B100000016 /* Assets.xcassets */ = {isa = PBXFileReference; lastKnownFileType = folder.assetcatalog; path = Assets.xcassets; sourceTree = "<group>"; };
		B100000018 /* SpeechService.swift */ = {isa = PBXFileReference; lastKnownFileType = sourcecode.swift; path = SpeechService.swift; sourceTree = "<group>"; };
		B100000019 /* PhotoInputView.swift */ = {isa = PBXFileReference; lastKnownFileType = sourcecode.swift; path = PhotoInputView.swift; sourceTree = "<group>"; };
		B100000020 /* VoiceInputView.swift */ = {isa = PBXFileReference; lastKnownFileType = sourcecode.swift; path = VoiceInputView.swift; sourceTree = "<group>"; };
		B100000021 /* QuickAddView.swift */ = {isa = PBXFileReference; lastKnownFileType = sourcecode.swift; path = QuickAddView.swift; sourceTree = "<group>"; };
		B100000022 /* HealthKit.framework */ = {isa = PBXFileReference; lastKnownFileType = wrapper.framework; name = HealthKit.framework; path = System/Library/Frameworks/HealthKit.framework; sourceTree = SDKROOT; };
		B100000023 /* HealthSnapshot.swift */ = {isa = PBXFileReference; lastKnownFileType = sourcecode.swift; path = HealthSnapshot.swift; sourceTree = "<group>"; };
		B100000024 /* HealthDataManager.swift */ = {isa = PBXFileReference; lastKnownFileType = sourcecode.swift; path = HealthDataManager.swift; sourceTree = "<group>"; };
		B100000025 /* HealthStatsCard.swift */ = {isa = PBXFileReference; lastKnownFileType = sourcecode.swift; path = HealthStatsCard.swift; sourceTree = "<group>"; };
		B100000026 /* Fuel.entitlements */ = {isa = PBXFileReference; lastKnownFileType = text.plist.entitlements; path = Fuel.entitlements; sourceTree = "<group>"; };
		B100000027 /* ReminderManager.swift */ = {isa = PBXFileReference; lastKnownFileType = sourcecode.swift; path = ReminderManager.swift; sourceTree = "<group>"; };
		B100000028 /* RemindersView.swift */ = {isa = PBXFileReference; lastKnownFileType = sourcecode.swift; path = RemindersView.swift; sourceTree = "<group>"; };
		B100000029 /* FuelSchema.swift */ = {isa = PBXFileReference; lastKnownFileType = sourcecode.swift; path = FuelSchema.swift; sourceTree = "<group>"; };
		C100000001 /* Fuel.app */ = {isa = PBXFileReference; explicitFileType = wrapper.application; includeInIndex = 0; path = Fuel.app; sourceTree = BUILT_PRODUCTS_DIR; };
/* End PBXFileReference section */

/* Begin PBXFrameworksBuildPhase section */
		D100000001 /* Frameworks */ = {
			isa = PBXFrameworksBuildPhase;
			buildActionMask = 2147483647;
			files = (
				A100000022 /* HealthKit.framework in Frameworks */,
			);
			runOnlyForDeploymentPostprocessing = 0;
		};
/* End PBXFrameworksBuildPhase section */

/* Begin PBXGroup section */
		E100000001 = {
			isa = PBXGroup;
			children = (
				E100000002 /* Fuel */,
				E100000099 /* Products */,
			);
			sourceTree = "<group>";
		};
		E100000002 /* Fuel */ = {
			isa = PBXGroup;
			children = (
				E100000003 /* App */,
				E100000004 /* Models */,
				E100000005 /* Services */,
				E100000006 /* Features */,
				E100000007 /* Shared */,
				E100000008 /* Resources */,
			);
			path = Fuel;
			sourceTree = "<group>";
		};
		E100000003 /* App */ = {
			isa = PBXGroup;
			children = (
				B100000001 /* FuelApp.swift */,
				B100000002 /* ContentView.swift */,
				B100000026 /* Fuel.entitlements */,
			);
			path = App;
			sourceTree = "<group>";
		};
		E100000004 /* Models */ = {
			isa = PBXGroup;
			children = (
				B100000003 /* FoodItem.swift */,
				B100000004 /* Meal.swift */,
				B100000005 /* DayLog.swift */,
				B100000006 /* UserSettings.swift */,
				B100000023 /* HealthSnapshot.swift */,
				B100000029 /* FuelSchema.swift */,
				B100000033 /* DailyBrief.swift */,
				B100000036 /* Workout.swift */,
			);
			path = Models;
			sourceTree = "<group>";
		};
		E100000005 /* Services */ = {
			isa = PBXGroup;
			children = (
				B100000007 /* ClaudeService.swift */,
				B100000008 /* NutritionEngine.swift */,
				B100000018 /* SpeechService.swift */,
				B100000024 /* HealthDataManager.swift */,
				B100000027 /* ReminderManager.swift */,
				B100000034 /* CoachService.swift */,
			);
			path = Services;
			sourceTree = "<group>";
		};
		E100000006 /* Features */ = {
			isa = PBXGroup;
			children = (
				E100000010 /* Today */,
				E100000011 /* LogMeal */,
				E100000016 /* LogWorkout */,
				E100000012 /* History */,
				E100000013 /* Settings */,
				E100000015 /* Onboarding */,
			);
			path = Features;
			sourceTree = "<group>";
		};
		E100000016 /* LogWorkout */ = {
			isa = PBXGroup;
			children = (
				B100000037 /* LogWorkoutView.swift */,
			);
			path = LogWorkout;
			sourceTree = "<group>";
		};
		E100000007 /* Shared */ = {
			isa = PBXGroup;
			children = (
				B100000013 /* Theme.swift */,
				B100000017 /* Secrets.swift */,
				E100000014 /* Components */,
			);
			path = Shared;
			sourceTree = "<group>";
		};
		E100000008 /* Resources */ = {
			isa = PBXGroup;
			children = (
				B100000016 /* Assets.xcassets */,
			);
			path = Resources;
			sourceTree = "<group>";
		};
		E100000010 /* Today */ = {
			isa = PBXGroup;
			children = (
				B100000009 /* TodayView.swift */,
				B100000025 /* HealthStatsCard.swift */,
				B100000035 /* DailyBriefCard.swift */,
			);
			path = Today;
			sourceTree = "<group>";
		};
		E100000011 /* LogMeal */ = {
			isa = PBXGroup;
			children = (
				B100000010 /* LogMealView.swift */,
				B100000019 /* PhotoInputView.swift */,
				B100000020 /* VoiceInputView.swift */,
				B100000021 /* QuickAddView.swift */,
				B100000038 /* AskCoachView.swift */,
			);
			path = LogMeal;
			sourceTree = "<group>";
		};
		E100000012 /* History */ = {
			isa = PBXGroup;
			children = (
				B100000011 /* HistoryView.swift */,
				B100000030 /* DayDetailView.swift */,
				B100000031 /* WeeklyTrendsView.swift */,
			);
			path = History;
			sourceTree = "<group>";
		};
		E100000013 /* Settings */ = {
			isa = PBXGroup;
			children = (
				B100000012 /* SettingsView.swift */,
				B100000028 /* RemindersView.swift */,
			);
			path = Settings;
			sourceTree = "<group>";
		};
		E100000015 /* Onboarding */ = {
			isa = PBXGroup;
			children = (
				B100000032 /* OnboardingView.swift */,
			);
			path = Onboarding;
			sourceTree = "<group>";
		};
		E100000014 /* Components */ = {
			isa = PBXGroup;
			children = (
				B100000014 /* MacroProgressBar.swift */,
				B100000015 /* MealRow.swift */,
			);
			path = Components;
			sourceTree = "<group>";
		};
		E100000099 /* Products */ = {
			isa = PBXGroup;
			children = (
				C100000001 /* Fuel.app */,
			);
			name = Products;
			sourceTree = "<group>";
		};
/* End PBXGroup section */

/* Begin PBXNativeTarget section */
		F100000001 /* Fuel */ = {
			isa = PBXNativeTarget;
			buildConfigurationList = G100000003 /* Build configuration list for PBXNativeTarget "Fuel" */;
			buildPhases = (
				F100000002 /* Sources */,
				D100000001 /* Frameworks */,
				F100000003 /* Resources */,
			);
			buildRules = (
			);
			dependencies = (
			);
			name = Fuel;
			productName = Fuel;
			productReference = C100000001 /* Fuel.app */;
			productType = "com.apple.product-type.application";
		};
/* End PBXNativeTarget section */

/* Begin PBXProject section */
		H100000001 /* Project object */ = {
			isa = PBXProject;
			attributes = {
				BuildIndependentTargetsInParallel = 1;
				LastSwiftUpdateCheck = 1600;
				LastUpgradeCheck = 1600;
				TargetAttributes = {
					F100000001 = {
						CreatedOnToolsVersion = 16.0;
					};
				};
			};
			buildConfigurationList = G100000001 /* Build configuration list for PBXProject "Fuel" */;
			compatibilityVersion = "Xcode 14.0";
			developmentRegion = en;
			hasScannedForEncodings = 0;
			knownRegions = (
				en,
				Base,
			);
			mainGroup = E100000001;
			productRefGroup = E100000099 /* Products */;
			projectDirPath = "";
			projectRoot = "";
			targets = (
				F100000001 /* Fuel */,
			);
		};
/* End PBXProject section */

/* Begin PBXResourcesBuildPhase section */
		F100000003 /* Resources */ = {
			isa = PBXResourcesBuildPhase;
			buildActionMask = 2147483647;
			files = (
				A100000016 /* Assets.xcassets in Resources */,
			);
			runOnlyForDeploymentPostprocessing = 0;
		};
/* End PBXResourcesBuildPhase section */

/* Begin PBXSourcesBuildPhase section */
		F100000002 /* Sources */ = {
			isa = PBXSourcesBuildPhase;
			buildActionMask = 2147483647;
			files = (
				A100000001 /* FuelApp.swift in Sources */,
				A100000002 /* ContentView.swift in Sources */,
				A100000003 /* FoodItem.swift in Sources */,
				A100000004 /* Meal.swift in Sources */,
				A100000005 /* DayLog.swift in Sources */,
				A100000006 /* UserSettings.swift in Sources */,
				A100000007 /* ClaudeService.swift in Sources */,
				A100000008 /* NutritionEngine.swift in Sources */,
				A100000009 /* TodayView.swift in Sources */,
				A100000010 /* LogMealView.swift in Sources */,
				A100000011 /* HistoryView.swift in Sources */,
				A100000012 /* SettingsView.swift in Sources */,
				A100000013 /* Theme.swift in Sources */,
				A100000017 /* Secrets.swift in Sources */,
				A100000014 /* MacroProgressBar.swift in Sources */,
				A100000015 /* MealRow.swift in Sources */,
				A100000018 /* SpeechService.swift in Sources */,
				A100000019 /* PhotoInputView.swift in Sources */,
				A100000020 /* VoiceInputView.swift in Sources */,
				A100000021 /* QuickAddView.swift in Sources */,
				A100000023 /* HealthSnapshot.swift in Sources */,
				A100000024 /* HealthDataManager.swift in Sources */,
				A100000025 /* HealthStatsCard.swift in Sources */,
				A100000026 /* ReminderManager.swift in Sources */,
				A100000027 /* RemindersView.swift in Sources */,
				A100000028 /* FuelSchema.swift in Sources */,
				A100000029 /* DayDetailView.swift in Sources */,
				A100000030 /* WeeklyTrendsView.swift in Sources */,
				A100000031 /* OnboardingView.swift in Sources */,
				A100000032 /* DailyBrief.swift in Sources */,
				A100000033 /* CoachService.swift in Sources */,
				A100000034 /* DailyBriefCard.swift in Sources */,
				A100000035 /* Workout.swift in Sources */,
				A100000036 /* LogWorkoutView.swift in Sources */,
				A100000037 /* AskCoachView.swift in Sources */,
			);
			runOnlyForDeploymentPostprocessing = 0;
		};
/* End PBXSourcesBuildPhase section */

/* Begin XCBuildConfiguration section */
		G100000010 /* Debug */ = {
			isa = XCBuildConfiguration;
			buildSettings = {
				ALWAYS_SEARCH_USER_PATHS = NO;
				ASSETCATALOG_COMPILER_GENERATE_SWIFT_ASSET_SYMBOL_EXTENSIONS = YES;
				CLANG_ANALYZER_NONNULL = YES;
				CLANG_CXX_LANGUAGE_STANDARD = "gnu++20";
				CLANG_ENABLE_MODULES = YES;
				CLANG_ENABLE_OBJC_ARC = YES;
				COPY_PHASE_STRIP = NO;
				DEBUG_INFORMATION_FORMAT = dwarf;
				ENABLE_STRICT_OBJC_MSGSEND = YES;
				ENABLE_TESTABILITY = YES;
				GCC_DYNAMIC_NO_PIC = NO;
				GCC_OPTIMIZATION_LEVEL = 0;
				GCC_PREPROCESSOR_DEFINITIONS = (
					"DEBUG=1",
					"$(inherited)",
				);
				GCC_WARN_ABOUT_RETURN_TYPE = YES_ERROR;
				GCC_WARN_UNINITIALIZED_AUTOS = YES_AGGRESSIVE;
				IPHONEOS_DEPLOYMENT_TARGET = 18.0;
				MTL_ENABLE_DEBUG_INFO = INCLUDE_SOURCE;
				ONLY_ACTIVE_ARCH = YES;
				SDKROOT = iphoneos;
				SWIFT_ACTIVE_COMPILATION_CONDITIONS = "DEBUG $(inherited)";
				SWIFT_OPTIMIZATION_LEVEL = "-Onone";
				SWIFT_VERSION = 5.0;
			};
			name = Debug;
		};
		G100000011 /* Release */ = {
			isa = XCBuildConfiguration;
			buildSettings = {
				ALWAYS_SEARCH_USER_PATHS = NO;
				ASSETCATALOG_COMPILER_GENERATE_SWIFT_ASSET_SYMBOL_EXTENSIONS = YES;
				CLANG_ANALYZER_NONNULL = YES;
				CLANG_CXX_LANGUAGE_STANDARD = "gnu++20";
				CLANG_ENABLE_MODULES = YES;
				CLANG_ENABLE_OBJC_ARC = YES;
				COPY_PHASE_STRIP = NO;
				DEBUG_INFORMATION_FORMAT = "dwarf-with-dsym";
				ENABLE_NS_ASSERTIONS = NO;
				ENABLE_STRICT_OBJC_MSGSEND = YES;
				GCC_WARN_ABOUT_RETURN_TYPE = YES_ERROR;
				GCC_WARN_UNINITIALIZED_AUTOS = YES_AGGRESSIVE;
				IPHONEOS_DEPLOYMENT_TARGET = 18.0;
				MTL_ENABLE_DEBUG_INFO = NO;
				SDKROOT = iphoneos;
				SWIFT_COMPILATION_MODE = wholemodule;
				SWIFT_VERSION = 5.0;
				VALIDATE_PRODUCT = YES;
			};
			name = Release;
		};
		G100000020 /* Debug */ = {
			isa = XCBuildConfiguration;
			buildSettings = {
				ASSETCATALOG_COMPILER_APPICON_NAME = AppIcon;
				ASSETCATALOG_COMPILER_GLOBAL_ACCENT_COLOR_NAME = AccentColor;
				CODE_SIGN_ENTITLEMENTS = Fuel/Fuel.entitlements;
				CODE_SIGN_STYLE = Automatic;
				CURRENT_PROJECT_VERSION = 4;
				DEVELOPMENT_TEAM = SJ9Z835G8Y;
				GENERATE_INFOPLIST_FILE = YES;
				INFOPLIST_KEY_CFBundleDisplayName = Fuel;
				INFOPLIST_KEY_NSCameraUsageDescription = "Fuel uses your camera to photograph meals for nutritional analysis.";
				INFOPLIST_KEY_NSHealthShareUsageDescription = "Fuel reads Apple Health data to show your sleep, steps, and workouts alongside nutrition.";
				INFOPLIST_KEY_NSLocationAlwaysAndWhenInUseUsageDescription = "Fuel monitors your kitchen location in the background to remind you to log meals when you arrive home.";
				INFOPLIST_KEY_NSLocationWhenInUseUsageDescription = "Fuel uses your location to remind you to log meals when you're in the kitchen.";
				INFOPLIST_KEY_NSMicrophoneUsageDescription = "Fuel uses your microphone for voice meal logging.";
				INFOPLIST_KEY_NSSpeechRecognitionUsageDescription = "Fuel uses speech recognition to transcribe your voice meal descriptions.";
				INFOPLIST_KEY_UIApplicationSceneManifest_Generation = YES;
				INFOPLIST_KEY_UIApplicationSupportsIndirectInputEvents = YES;
				INFOPLIST_KEY_UILaunchScreen_Generation = YES;
				INFOPLIST_KEY_UISupportedInterfaceOrientations = UIInterfaceOrientationPortrait;
				INFOPLIST_KEY_UISupportedInterfaceOrientations_iPad = "UIInterfaceOrientationLandscapeLeft UIInterfaceOrientationLandscapeRight UIInterfaceOrientationPortrait UIInterfaceOrientationPortraitUpsideDown";
				LD_RUNPATH_SEARCH_PATHS = (
					"$(inherited)",
					"@executable_path/Frameworks",
				);
				MARKETING_VERSION = 1.0.0;
				PRODUCT_BUNDLE_IDENTIFIER = com.careid.fuel;
				PRODUCT_NAME = "$(TARGET_NAME)";
				SWIFT_EMIT_LOC_STRINGS = YES;
				SWIFT_VERSION = 5.0;
				TARGETED_DEVICE_FAMILY = "1,2";
			};
			name = Debug;
		};
		G100000021 /* Release */ = {
			isa = XCBuildConfiguration;
			buildSettings = {
				ASSETCATALOG_COMPILER_APPICON_NAME = AppIcon;
				ASSETCATALOG_COMPILER_GLOBAL_ACCENT_COLOR_NAME = AccentColor;
				CODE_SIGN_ENTITLEMENTS = Fuel/Fuel.entitlements;
				CODE_SIGN_STYLE = Automatic;
				CURRENT_PROJECT_VERSION = 4;
				DEVELOPMENT_TEAM = SJ9Z835G8Y;
				GENERATE_INFOPLIST_FILE = YES;
				INFOPLIST_KEY_CFBundleDisplayName = Fuel;
				INFOPLIST_KEY_NSCameraUsageDescription = "Fuel uses your camera to photograph meals for nutritional analysis.";
				INFOPLIST_KEY_NSHealthShareUsageDescription = "Fuel reads Apple Health data to show your sleep, steps, and workouts alongside nutrition.";
				INFOPLIST_KEY_NSLocationAlwaysAndWhenInUseUsageDescription = "Fuel monitors your kitchen location in the background to remind you to log meals when you arrive home.";
				INFOPLIST_KEY_NSLocationWhenInUseUsageDescription = "Fuel uses your location to remind you to log meals when you're in the kitchen.";
				INFOPLIST_KEY_NSMicrophoneUsageDescription = "Fuel uses your microphone for voice meal logging.";
				INFOPLIST_KEY_NSSpeechRecognitionUsageDescription = "Fuel uses speech recognition to transcribe your voice meal descriptions.";
				INFOPLIST_KEY_UIApplicationSceneManifest_Generation = YES;
				INFOPLIST_KEY_UIApplicationSupportsIndirectInputEvents = YES;
				INFOPLIST_KEY_UILaunchScreen_Generation = YES;
				INFOPLIST_KEY_UISupportedInterfaceOrientations = UIInterfaceOrientationPortrait;
				INFOPLIST_KEY_UISupportedInterfaceOrientations_iPad = "UIInterfaceOrientationLandscapeLeft UIInterfaceOrientationLandscapeRight UIInterfaceOrientationPortrait UIInterfaceOrientationPortraitUpsideDown";
				LD_RUNPATH_SEARCH_PATHS = (
					"$(inherited)",
					"@executable_path/Frameworks",
				);
				MARKETING_VERSION = 1.0.0;
				PRODUCT_BUNDLE_IDENTIFIER = com.careid.fuel;
				PRODUCT_NAME = "$(TARGET_NAME)";
				SWIFT_EMIT_LOC_STRINGS = YES;
				SWIFT_VERSION = 5.0;
				TARGETED_DEVICE_FAMILY = "1,2";
			};
			name = Release;
		};
/* End XCBuildConfiguration section */

/* Begin XCConfigurationList section */
		G100000001 /* Build configuration list for PBXProject "Fuel" */ = {
			isa = XCConfigurationList;
			buildConfigurations = (
				G100000010 /* Debug */,
				G100000011 /* Release */,
			);
			defaultConfigurationIsVisible = 0;
			defaultConfigurationName = Release;
		};
		G100000003 /* Build configuration list for PBXNativeTarget "Fuel" */ = {
			isa = XCConfigurationList;
			buildConfigurations = (
				G100000020 /* Debug */,
				G100000021 /* Release */,
			);
			defaultConfigurationIsVisible = 0;
			defaultConfigurationName = Release;
		};
/* End XCConfigurationList section */
	};
	rootObject = H100000001 /* Project object */;
}
